
Microsoft Visual Studio Solution File, Format Version 12.00
# Visual Studio Version 17
VisualStudioVersion = 17.5.33530.505
MinimumVisualStudioVersion = 10.0.40219.1
Project("{FAE04EC0-301F-11D3-BF4B-00C04F79EFBC}") = "CollegeHub", "CollegeHub.csproj", "{CCBDB003-E45D-4C32-B758-666955032EAB}"
EndProject
Global
	GlobalSection(SolutionConfigurationPlatforms) = preSolution
		Debug|Any CPU = Debug|Any CPU
		Release|Any CPU = Release|Any CPU
	EndGlobalSection
	GlobalSection(ProjectConfigurationPlatforms) = postSolution
		{CCBDB003-E45D-4C32-B758-666955032EAB}.Debug|Any CPU.ActiveCfg = Debug|Any CPU
		{CCBDB003-E45D-4C32-B758-666955032EAB}.Debug|Any CPU.Build.0 = Debug|Any CPU
		{CCBDB003-E45D-4C32-B758-666955032EAB}.Release|Any CPU.ActiveCfg = Release|Any CPU
		{CCBDB003-E45D-4C32-B758-666955032EAB}.Release|Any CPU.Build.0 = Release|Any CPU
	EndGlobalSection
	GlobalSection(SolutionProperties) = preSolution
		HideSolutionNode = FALSE
	EndGlobalSection
	GlobalSection(ExtensibilityGlobals) = postSolution
		SolutionGuid = {5ABE8A17-5BA1-4B82-9659-3D7C7F4904E5}
	EndGlobalSection
EndGlobal
